
Microsoft Visual Studio Solution File, Format Version 12.00
# Visual Studio Version 17
VisualStudioVersion = 17.8.34511.84
MinimumVisualStudioVersion = 10.0.40219.1
Project("{FAE04EC0-301F-11D3-BF4B-00C04F79EFBC}") = "UsuariosAPI", "UsuariosAPI\UsuariosAPI.csproj", "{A566E371-A774-440D-8526-48ED23236C69}"
EndProject
Global
	GlobalSection(SolutionConfigurationPlatforms) = preSolution
		Debug|Any CPU = Debug|Any CPU
		Release|Any CPU = Release|Any CPU
	EndGlobalSection
	GlobalSection(ProjectConfigurationPlatforms) = postSolution
		{A566E371-A774-440D-8526-48ED23236C69}.Debug|Any CPU.ActiveCfg = Debug|Any CPU
		{A566E371-A774-440D-8526-48ED23236C69}.Debug|Any CPU.Build.0 = Debug|Any CPU
		{A566E371-A774-440D-8526-48ED23236C69}.Release|Any CPU.ActiveCfg = Release|Any CPU
		{A566E371-A774-440D-8526-48ED23236C69}.Release|Any CPU.Build.0 = Release|Any CPU
	EndGlobalSection
	GlobalSection(SolutionProperties) = preSolution
		HideSolutionNode = FALSE
	EndGlobalSection
	GlobalSection(ExtensibilityGlobals) = postSolution
		SolutionGuid = {2B33FCE0-F21A-491E-80E8-FB02D55D81D8}
	EndGlobalSection
EndGlobal
